Microsoft Visual Studio Solution File, Format Version 12.00
# Visual Studio Version 17
VisualStudioVersion = 17.5.2.0
MinimumVisualStudioVersion = 10.0.40219.1
Project("{2150E333-8FDC-42A3-9474-1A3956D46DE8}") = "custom-extension", "custom-extension", "{36FC7656-227F-E656-F205-E9DB3C20CD0A}"
EndProject
Project("{2150E333-8FDC-42A3-9474-1A3956D46DE8}") = "extension", "extension", "{E8EFE7D4-B616-45AA-7F32-BC3326CC5DA8}"
EndProject
Project("{2150E333-8FDC-42A3-9474-1A3956D46DE8}") = "src", "src", "{95018049-3147-24BB-810D-7DAD8638680D}"
EndProject
Project("{FAE04EC0-301F-11D3-BF4B-00C04F79EFBC}") = "bicep-ext-http", "custom-extension\extension\src\bicep-ext-http.csproj", "{A11F411A-0F3C-57FA-85CD-589E82842C95}"
EndProject
Global
	GlobalSection(SolutionConfigurationPlatforms) = preSolution
		Debug|Any CPU = Debug|Any CPU
		Release|Any CPU = Release|Any CPU
	EndGlobalSection
	GlobalSection(ProjectConfigurationPlatforms) = postSolution
		{A11F411A-0F3C-57FA-85CD-589E82842C95}.Debug|Any CPU.ActiveCfg = Debug|Any CPU
		{A11F411A-0F3C-57FA-85CD-589E82842C95}.Debug|Any CPU.Build.0 = Debug|Any CPU
		{A11F411A-0F3C-57FA-85CD-589E82842C95}.Release|Any CPU.ActiveCfg = Release|Any CPU
		{A11F411A-0F3C-57FA-85CD-589E82842C95}.Release|Any CPU.Build.0 = Release|Any CPU
	EndGlobalSection
	GlobalSection(SolutionProperties) = preSolution
		HideSolutionNode = FALSE
	EndGlobalSection
	GlobalSection(NestedProjects) = preSolution
		{E8EFE7D4-B616-45AA-7F32-BC3326CC5DA8} = {36FC7656-227F-E656-F205-E9DB3C20CD0A}
		{95018049-3147-24BB-810D-7DAD8638680D} = {E8EFE7D4-B616-45AA-7F32-BC3326CC5DA8}
		{A11F411A-0F3C-57FA-85CD-589E82842C95} = {95018049-3147-24BB-810D-7DAD8638680D}
	EndGlobalSection
	GlobalSection(ExtensibilityGlobals) = postSolution
		SolutionGuid = {0439F427-5570-4144-A0BB-5EFFE8C69448}
	EndGlobalSection
EndGlobal
